{
  "name": "shared-ts",
  "version": "0.1.0",
  "lockfileVersion": 1,
  "requires": true,
  "dependencies": {
    "@aws-cdk/assets": {
      "version": "1.197.0",
      "resolved": "https://registry.npmjs.org/@aws-cdk/assets/-/assets-1.197.0.tgz",
      "integrity": "sha512-Lc9jIuMlgyhZMgEs2IzuMhLRR8nOO+Gzapa+Sgwu1m3ERMyyZmEJ4cx6gJZNw7Urndl9zS3ftTR88mP5dYJjfQ==",
      "requires": {
        "@aws-cdk/core": "1.197.0",
        "@aws-cdk/cx-api": "1.197.0",
        "constructs": "^3.3.69"
      }
    },
    "@aws-cdk/aws-acmpca": {
      "version": "1.197.0",
      "resolved": "https://registry.npmjs.org/@aws-cdk/aws-acmpca/-/aws-acmpca-1.197.0.tgz",
      "integrity": "sha512-ayBXR6u18pOm+IKwJlsIKKeVlU8jo4WQo95Me/XAHj4/w5X4QCEBVySu+X75Rxq4SFTVXH0zcwwctxf5g8WOAA==",
      "requires": {
        "@aws-cdk/core": "1.197.0",
        "constructs": "^3.3.69"
      }
    },
    "@aws-cdk/aws-apigateway": {
      "version": "1.197.0",
      "resolved": "https://registry.npmjs.org/@aws-cdk/aws-apigateway/-/aws-apigateway-1.197.0.tgz",
      "integrity": "sha512-4JNXBozjF7ZzPyQMVJse4B1dZhBmNKWdEqx1zQ1VMr04d0tWfgjL1X7PCiQgsrD5VQHUfBGnEQdgTTt4fszc2Q==",
      "requires": {
        "@aws-cdk/aws-certificatemanager": "1.197.0",
        "@aws-cdk/aws-cloudwatch": "1.197.0",
        "@aws-cdk/aws-cognito": "1.197.0",
        "@aws-cdk/aws-ec2": "1.197.0",
        "@aws-cdk/aws-elasticloadbalancingv2": "1.197.0",
        "@aws-cdk/aws-iam": "1.197.0",
        "@aws-cdk/aws-lambda": "1.197.0",
        "@aws-cdk/aws-logs": "1.197.0",
        "@aws-cdk/aws-s3": "1.197.0",
        "@aws-cdk/aws-s3-assets": "1.197.0",
        "@aws-cdk/aws-stepfunctions": "1.197.0",
        "@aws-cdk/core": "1.197.0",
        "@aws-cdk/cx-api": "1.197.0",
        "constructs": "^3.3.69"
      }
    },
    "@aws-cdk/aws-applicationautoscaling": {
      "version": "1.197.0",
      "resolved": "https://registry.npmjs.org/@aws-cdk/aws-applicationautoscaling/-/aws-applicationautoscaling-1.197.0.tgz",
      "integrity": "sha512-0tw2z4fxR8xzj4/Y0nIKCIvlFH+T7utoJ126vocU+ccfCdncWMdJzjlTepDUqQ1SBUrxYIu+2wJoJmkkxgpEsQ==",
      "requires": {
        "@aws-cdk/aws-autoscaling-common": "1.197.0",
        "@aws-cdk/aws-cloudwatch": "1.197.0",
        "@aws-cdk/aws-iam": "1.197.0",
        "@aws-cdk/core": "1.197.0",
        "constructs": "^3.3.69"
      }
    },
    "@aws-cdk/aws-autoscaling-common": {
      "version": "1.197.0",
      "resolved": "https://registry.npmjs.org/@aws-cdk/aws-autoscaling-common/-/aws-autoscaling-common-1.197.0.tgz",
      "integrity": "sha512-M0LmvYLVWj8TlfYoY+qf/TBTvpEMjNTVuwnxoIh4ZA2KaJ2wQpQEDzAXZLlb8o+GoTPMmOTvJhs1cHh8tJPQKw==",
      "requires": {
        "@aws-cdk/aws-iam": "1.197.0",
        "@aws-cdk/core": "1.197.0",
        "constructs": "^3.3.69"
      }
    },
    "@aws-cdk/aws-certificatemanager": {
      "version": "1.197.0",
      "resolved": "https://registry.npmjs.org/@aws-cdk/aws-certificatemanager/-/aws-certificatemanager-1.197.0.tgz",
      "integrity": "sha512-CXgoghaWVbUjWcUIQnq+Ew9lR+Ov+8wUpNAwpKuw3VyXzNSpQkb9CDbuBnaoX2LmSYDd1xwH0UpfRtY8TVgo+A==",
      "requires": {
        "@aws-cdk/aws-acmpca": "1.197.0",
        "@aws-cdk/aws-cloudwatch": "1.197.0",
        "@aws-cdk/aws-iam": "1.197.0",
        "@aws-cdk/aws-lambda": "1.197.0",
        "@aws-cdk/aws-route53": "1.197.0",
        "@aws-cdk/core": "1.197.0",
        "constructs": "^3.3.69"
      }
    },
    "@aws-cdk/aws-cloudformation": {
      "version": "1.197.0",
      "resolved": "https://registry.npmjs.org/@aws-cdk/aws-cloudformation/-/aws-cloudformation-1.197.0.tgz",
      "integrity": "sha512-oi+Vle+2y2j6DqOfdD2Sl2lTkaI03rq4gNI7ep7pqcBGS/RHcarW02fIBfxGls3C71162s9+bD6A1XDryg5DHw==",
      "requires": {
        "@aws-cdk/aws-iam": "1.197.0",
        "@aws-cdk/aws-lambda": "1.197.0",
        "@aws-cdk/aws-s3": "1.197.0",
        "@aws-cdk/aws-sns": "1.197.0",
        "@aws-cdk/core": "1.197.0",
        "@aws-cdk/cx-api": "1.197.0",
        "constructs": "^3.3.69"
      }
    },
    "@aws-cdk/aws-cloudfront": {
      "version": "1.197.0",
      "resolved": "https://registry.npmjs.org/@aws-cdk/aws-cloudfront/-/aws-cloudfront-1.197.0.tgz",
      "integrity": "sha512-eih2+mEsMR/LP9FktGcmzWEWLavhA3yEkcF412CctECX35nEj/ozakwOWKVYXyesJBcxcPMVQCZLTYQxOG+VRw==",
      "requires": {
        "@aws-cdk/aws-certificatemanager": "1.197.0",
        "@aws-cdk/aws-cloudwatch": "1.197.0",
        "@aws-cdk/aws-ec2": "1.197.0",
        "@aws-cdk/aws-iam": "1.197.0",
        "@aws-cdk/aws-kms": "1.197.0",
        "@aws-cdk/aws-lambda": "1.197.0",
        "@aws-cdk/aws-s3": "1.197.0",
        "@aws-cdk/aws-ssm": "1.197.0",
        "@aws-cdk/core": "1.197.0",
        "@aws-cdk/cx-api": "1.197.0",
        "constructs": "^3.3.69"
      }
    },
    "@aws-cdk/aws-cloudwatch": {
      "version": "1.197.0",
      "resolved": "https://registry.npmjs.org/@aws-cdk/aws-cloudwatch/-/aws-cloudwatch-1.197.0.tgz",
      "integrity": "sha512-zA9GjBliyl/AYVw6jZb1nuS3aM1YqlmHQvCV1fzDdmDYHlOm4sajVgszjc83vXd8nd2ZJP46GEkPWELmF288xw==",
      "requires": {
        "@aws-cdk/aws-iam": "1.197.0",
        "@aws-cdk/core": "1.197.0",
        "constructs": "^3.3.69"
      }
    },
    "@aws-cdk/aws-codeguruprofiler": {
      "version": "1.197.0",
      "resolved": "https://registry.npmjs.org/@aws-cdk/aws-codeguruprofiler/-/aws-codeguruprofiler-1.197.0.tgz",
      "integrity": "sha512-NMH5pvSnjnz7K8KqpBxl2QVNU1kWF3PrsLStZfH+JhgD8+URbzjpZPkXc4r5DNyvX7y/+wWq7xxRr3FaJyGhgQ==",
      "requires": {
        "@aws-cdk/aws-iam": "1.197.0",
        "@aws-cdk/core": "1.197.0",
        "constructs": "^3.3.69"
      }
    },
    "@aws-cdk/aws-codestarnotifications": {
      "version": "1.197.0",
      "resolved": "https://registry.npmjs.org/@aws-cdk/aws-codestarnotifications/-/aws-codestarnotifications-1.197.0.tgz",
      "integrity": "sha512-FDIW/cCBkPjHZrvAsX6CWqRLtGnLdOYwnCQg2aOOM0lgM7Bs9LONAutK1FT3a4X7N4YClFOVpfdd7bmUyYz2ow==",
      "requires": {
        "@aws-cdk/core": "1.197.0",
        "constructs": "^3.3.69"
      }
    },
    "@aws-cdk/aws-cognito": {
      "version": "1.197.0",
      "resolved": "https://registry.npmjs.org/@aws-cdk/aws-cognito/-/aws-cognito-1.197.0.tgz",
      "integrity": "sha512-LijjKuSo3Fefwvrh+odq2f0Ne7FhPQCpEBuXzS5qsZs0+WtND0W0D/QT1P+BuyUiBL3Vht4WK7mIz0oixqQhOQ==",
      "requires": {
        "@aws-cdk/aws-certificatemanager": "1.197.0",
        "@aws-cdk/aws-iam": "1.197.0",
        "@aws-cdk/aws-kms": "1.197.0",
        "@aws-cdk/aws-lambda": "1.197.0",
        "@aws-cdk/core": "1.197.0",
        "@aws-cdk/custom-resources": "1.197.0",
        "constructs": "^3.3.69",
        "punycode": "^2.3.0"
      },
      "dependencies": {
        "punycode": {
          "version": "2.3.0",
          "bundled": true
        }
      }
    },
    "@aws-cdk/aws-ec2": {
      "version": "1.197.0",
      "resolved": "https://registry.npmjs.org/@aws-cdk/aws-ec2/-/aws-ec2-1.197.0.tgz",
      "integrity": "sha512-cEa4q9rF8ZsgUvx4HQ9YMSQXf1oGx+J9kOO4P3kN4tUCLUkHKks7NS45WPf/6eIyu3fn4mE6QCSAn56tCk3acw==",
      "requires": {
        "@aws-cdk/aws-cloudwatch": "1.197.0",
        "@aws-cdk/aws-iam": "1.197.0",
        "@aws-cdk/aws-kms": "1.197.0",
        "@aws-cdk/aws-logs": "1.197.0",
        "@aws-cdk/aws-s3": "1.197.0",
        "@aws-cdk/aws-s3-assets": "1.197.0",
        "@aws-cdk/aws-ssm": "1.197.0",
        "@aws-cdk/cloud-assembly-schema": "1.197.0",
        "@aws-cdk/core": "1.197.0",
        "@aws-cdk/cx-api": "1.197.0",
        "@aws-cdk/region-info": "1.197.0",
        "constructs": "^3.3.69"
      }
    },
    "@aws-cdk/aws-ecr": {
      "version": "1.197.0",
      "resolved": "https://registry.npmjs.org/@aws-cdk/aws-ecr/-/aws-ecr-1.197.0.tgz",
      "integrity": "sha512-T4N8i9E91WyTURXl8+fjBZtTvpm2z3m6i5dS9FwLSHlc3azLnqPcYe7f0H+fjHRmFheCT0ftXfqN3czkdHPQBA==",
      "requires": {
        "@aws-cdk/aws-events": "1.197.0",
        "@aws-cdk/aws-iam": "1.197.0",
        "@aws-cdk/aws-kms": "1.197.0",
        "@aws-cdk/core": "1.197.0",
        "constructs": "^3.3.69"
      }
    },
    "@aws-cdk/aws-ecr-assets": {
      "version": "1.197.0",
      "resolved": "https://registry.npmjs.org/@aws-cdk/aws-ecr-assets/-/aws-ecr-assets-1.197.0.tgz",
      "integrity": "sha512-JWdmsutFXAhoxDZ/JeebktrTLJfSIWOF7BKdoFgRtTYPzVZnGWQyXoPxexx75eJQfLChYxH3Gzr/NysyzCXZng==",
      "requires": {
        "@aws-cdk/assets": "1.197.0",
        "@aws-cdk/aws-ecr": "1.197.0",
        "@aws-cdk/aws-iam": "1.197.0",
        "@aws-cdk/aws-s3": "1.197.0",
        "@aws-cdk/core": "1.197.0",
        "@aws-cdk/cx-api": "1.197.0",
        "constructs": "^3.3.69"
      }
    },
    "@aws-cdk/aws-efs": {
      "version": "1.197.0",
      "resolved": "https://registry.npmjs.org/@aws-cdk/aws-efs/-/aws-efs-1.197.0.tgz",
      "integrity": "sha512-Na+GtUvtdp6eqrmJJ+tNzOsUTWExGj3gA5smHBGYwXKUGB3RPbhuvHxZgYfOq4kPjPv1DDX5eVa0ZylBjpfRjQ==",
      "requires": {
        "@aws-cdk/aws-ec2": "1.197.0",
        "@aws-cdk/aws-iam": "1.197.0",
        "@aws-cdk/aws-kms": "1.197.0",
        "@aws-cdk/cloud-assembly-schema": "1.197.0",
        "@aws-cdk/core": "1.197.0",
        "@aws-cdk/cx-api": "1.197.0",
        "constructs": "^3.3.69"
      }
    },
    "@aws-cdk/aws-elasticloadbalancing": {
      "version": "1.197.0",
      "resolved": "https://registry.npmjs.org/@aws-cdk/aws-elasticloadbalancing/-/aws-elasticloadbalancing-1.197.0.tgz",
      "integrity": "sha512-lHE1EG6MWFMSZAxOS/cTL5UBmO8bzLs+biJ8q9Fzjz28uFyVHNX094+RykDLAa9x5LXRdPsakUzRL2LaDDzojg==",
      "requires": {
        "@aws-cdk/aws-ec2": "1.197.0",
        "@aws-cdk/core": "1.197.0",
        "constructs": "^3.3.69"
      }
    },
    "@aws-cdk/aws-elasticloadbalancingv2": {
      "version": "1.197.0",
      "resolved": "https://registry.npmjs.org/@aws-cdk/aws-elasticloadbalancingv2/-/aws-elasticloadbalancingv2-1.197.0.tgz",
      "integrity": "sha512-zqiKeZ4hZHEU63clnIXb17KFocImZvayge1Dh+OycjoyRYsp1Ex+rnwVeEReNKAjjBr5rTxyxsr3jQ9/E+7ldg==",
      "requires": {
        "@aws-cdk/aws-certificatemanager": "1.197.0",
        "@aws-cdk/aws-cloudwatch": "1.197.0",
        "@aws-cdk/aws-ec2": "1.197.0",
        "@aws-cdk/aws-iam": "1.197.0",
        "@aws-cdk/aws-lambda": "1.197.0",
        "@aws-cdk/aws-route53": "1.197.0",
        "@aws-cdk/aws-s3": "1.197.0",
        "@aws-cdk/cloud-assembly-schema": "1.197.0",
        "@aws-cdk/core": "1.197.0",
        "@aws-cdk/cx-api": "1.197.0",
        "@aws-cdk/region-info": "1.197.0",
        "constructs": "^3.3.69"
      }
    },
    "@aws-cdk/aws-events": {
      "version": "1.197.0",
      "resolved": "https://registry.npmjs.org/@aws-cdk/aws-events/-/aws-events-1.197.0.tgz",
      "integrity": "sha512-Fc2T9hc2JWUTiVJAPmLBaKxkF1Hle9Mh80I2n3GcERWftGYr71Ch3gO9ktpfY7nKtxzLfkdCG8oK7zKQjyLnWw==",
      "requires": {
        "@aws-cdk/aws-iam": "1.197.0",
        "@aws-cdk/core": "1.197.0",
        "constructs": "^3.3.69"
      }
    },
    "@aws-cdk/aws-globalaccelerator": {
      "version": "1.197.0",
      "resolved": "https://registry.npmjs.org/@aws-cdk/aws-globalaccelerator/-/aws-globalaccelerator-1.197.0.tgz",
      "integrity": "sha512-/K+4mZ2KTSUzp0FwFu6pLXPmAwzCPBON5gi6LD9LrotKwfCbl0F+LPbi2yYcwLNlmaKHAERDDDSs/Cr2giFscg==",
      "requires": {
        "@aws-cdk/aws-ec2": "1.197.0",
        "@aws-cdk/core": "1.197.0",
        "@aws-cdk/custom-resources": "1.197.0",
        "constructs": "^3.3.69"
      }
    },
    "@aws-cdk/aws-iam": {
      "version": "1.197.0",
      "resolved": "https://registry.npmjs.org/@aws-cdk/aws-iam/-/aws-iam-1.197.0.tgz",
      "integrity": "sha512-GrvdenmSPr7AY9NAkXLTIvOHrvwPL4JHPQdaXNUsjVcUqB76ljkCKn7qIBpxWhPjVer2FQpbdZ3RcA5TjVlRaQ==",
      "requires": {
        "@aws-cdk/core": "1.197.0",
        "@aws-cdk/cx-api": "1.197.0",
        "@aws-cdk/region-info": "1.197.0",
        "constructs": "^3.3.69"
      }
    },
    "@aws-cdk/aws-kms": {
      "version": "1.197.0",
      "resolved": "https://registry.npmjs.org/@aws-cdk/aws-kms/-/aws-kms-1.197.0.tgz",
      "integrity": "sha512-w1WpH7dVGQ25Cr95zCQV+QU0sJCsCxREzFyslsL5EeEPUioH5Sw27A2YQjXJFzIytfMmFFDKKOAHNTVc2Ys+pA==",
      "requires": {
        "@aws-cdk/aws-iam": "1.197.0",
        "@aws-cdk/cloud-assembly-schema": "1.197.0",
        "@aws-cdk/core": "1.197.0",
        "@aws-cdk/cx-api": "1.197.0",
        "constructs": "^3.3.69"
      }
    },
    "@aws-cdk/aws-lambda": {
      "version": "1.197.0",
      "resolved": "https://registry.npmjs.org/@aws-cdk/aws-lambda/-/aws-lambda-1.197.0.tgz",
      "integrity": "sha512-xAXCBOpjxfKvc43m3SgHs4ztVPlwh8qUmM8RE6PgluEdVVTNIMGb6CZghtjQSemYT39jGUHntnIx3fBHbXEg0w==",
      "requires": {
        "@aws-cdk/aws-applicationautoscaling": "1.197.0",
        "@aws-cdk/aws-cloudwatch": "1.197.0",
        "@aws-cdk/aws-codeguruprofiler": "1.197.0",
        "@aws-cdk/aws-ec2": "1.197.0",
        "@aws-cdk/aws-ecr": "1.197.0",
        "@aws-cdk/aws-ecr-assets": "1.197.0",
        "@aws-cdk/aws-efs": "1.197.0",
        "@aws-cdk/aws-events": "1.197.0",
        "@aws-cdk/aws-iam": "1.197.0",
        "@aws-cdk/aws-kms": "1.197.0",
        "@aws-cdk/aws-logs": "1.197.0",
        "@aws-cdk/aws-s3": "1.197.0",
        "@aws-cdk/aws-s3-assets": "1.197.0",
        "@aws-cdk/aws-signer": "1.197.0",
        "@aws-cdk/aws-sns": "1.197.0",
        "@aws-cdk/aws-sqs": "1.197.0",
        "@aws-cdk/core": "1.197.0",
        "@aws-cdk/cx-api": "1.197.0",
        "@aws-cdk/region-info": "1.197.0",
        "constructs": "^3.3.69"
      }
    },
    "@aws-cdk/aws-logs": {
      "version": "1.197.0",
      "resolved": "https://registry.npmjs.org/@aws-cdk/aws-logs/-/aws-logs-1.197.0.tgz",
      "integrity": "sha512-r5jQjSosTJkc4vlqcbMSZrvVyIZezUeLyMoCTInNBjfvX7ZENL21VzLLtwKVGG03lwK29e/gXq0ZkNwDr+yrGA==",
      "requires": {
        "@aws-cdk/aws-cloudwatch": "1.197.0",
        "@aws-cdk/aws-iam": "1.197.0",
        "@aws-cdk/aws-kms": "1.197.0",
        "@aws-cdk/aws-s3-assets": "1.197.0",
        "@aws-cdk/core": "1.197.0",
        "@aws-cdk/cx-api": "1.197.0",
        "constructs": "^3.3.69"
      }
    },
    "@aws-cdk/aws-route53": {
      "version": "1.197.0",
      "resolved": "https://registry.npmjs.org/@aws-cdk/aws-route53/-/aws-route53-1.197.0.tgz",
      "integrity": "sha512-ixeRriZ5/b4M0MHSopnSIkzzO3SlXNmM1R1GZZLe4wGDt1Yi8i709N0S7u+JX2mNt3mCGOHYUMDx3X7legYcBQ==",
      "requires": {
        "@aws-cdk/aws-ec2": "1.197.0",
        "@aws-cdk/aws-iam": "1.197.0",
        "@aws-cdk/aws-logs": "1.197.0",
        "@aws-cdk/cloud-assembly-schema": "1.197.0",
        "@aws-cdk/core": "1.197.0",
        "@aws-cdk/custom-resources": "1.197.0",
        "constructs": "^3.3.69"
      }
    },
    "@aws-cdk/aws-route53-targets": {
      "version": "1.197.0",
      "resolved": "https://registry.npmjs.org/@aws-cdk/aws-route53-targets/-/aws-route53-targets-1.197.0.tgz",
      "integrity": "sha512-XSSmS89syWmMFqEQJlm9VFR2do2iA/k5SNM1uwL+RfvF3YdEbzqg/YGLkCKDdAShNZbk/aGvTP4OWpYX6fTycw==",
      "requires": {
        "@aws-cdk/aws-apigateway": "1.197.0",
        "@aws-cdk/aws-cloudfront": "1.197.0",
        "@aws-cdk/aws-cognito": "1.197.0",
        "@aws-cdk/aws-ec2": "1.197.0",
        "@aws-cdk/aws-elasticloadbalancing": "1.197.0",
        "@aws-cdk/aws-elasticloadbalancingv2": "1.197.0",
        "@aws-cdk/aws-globalaccelerator": "1.197.0",
        "@aws-cdk/aws-iam": "1.197.0",
        "@aws-cdk/aws-route53": "1.197.0",
        "@aws-cdk/aws-s3": "1.197.0",
        "@aws-cdk/core": "1.197.0",
        "@aws-cdk/region-info": "1.197.0",
        "constructs": "^3.3.69"
      }
    },
    "@aws-cdk/aws-s3": {
      "version": "1.197.0",
      "resolved": "https://registry.npmjs.org/@aws-cdk/aws-s3/-/aws-s3-1.197.0.tgz",
      "integrity": "sha512-DlZawb8qkM90Z8swdpzbWU90f3Ub2JTRvEQFsqYa+3PcrQ208mbfaiyrey/FifKq/bHuJEiIDAIQQpQQW3jCCg==",
      "requires": {
        "@aws-cdk/aws-events": "1.197.0",
        "@aws-cdk/aws-iam": "1.197.0",
        "@aws-cdk/aws-kms": "1.197.0",
        "@aws-cdk/core": "1.197.0",
        "@aws-cdk/cx-api": "1.197.0",
        "constructs": "^3.3.69"
      }
    },
    "@aws-cdk/aws-s3-assets": {
      "version": "1.197.0",
      "resolved": "https://registry.npmjs.org/@aws-cdk/aws-s3-assets/-/aws-s3-assets-1.197.0.tgz",
      "integrity": "sha512-6vL607L06MlsNIfyGyP4R2YCamAN5BeNGZx3LlewMHUZMGEGOwk4mIuyQhQYNaSc8V4RyLW3cQrh2wmK2RAgMQ==",
      "requires": {
        "@aws-cdk/assets": "1.197.0",
        "@aws-cdk/aws-iam": "1.197.0",
        "@aws-cdk/aws-kms": "1.197.0",
        "@aws-cdk/aws-s3": "1.197.0",
        "@aws-cdk/core": "1.197.0",
        "@aws-cdk/cx-api": "1.197.0",
        "constructs": "^3.3.69"
      }
    },
    "@aws-cdk/aws-signer": {
      "version": "1.197.0",
      "resolved": "https://registry.npmjs.org/@aws-cdk/aws-signer/-/aws-signer-1.197.0.tgz",
      "integrity": "sha512-+dDhdsWeD/31tCpWgb6fI62bp6veYb7utiDC+TXerlGB10f58RTiF6GHWO+ayP+rpq2znNFfAnvw2dnwfgROiQ==",
      "requires": {
        "@aws-cdk/core": "1.197.0",
        "constructs": "^3.3.69"
      }
    },
    "@aws-cdk/aws-sns": {
      "version": "1.197.0",
      "resolved": "https://registry.npmjs.org/@aws-cdk/aws-sns/-/aws-sns-1.197.0.tgz",
      "integrity": "sha512-bIh8jBk8+Ipt3lfut6cq87MghaFRX9ZpIuGgPG6TnWRBYKwgj5wnTlMV7c8OnU7E/zeTSlFeRxVcf2qcs5bJQA==",
      "requires": {
        "@aws-cdk/aws-cloudwatch": "1.197.0",
        "@aws-cdk/aws-codestarnotifications": "1.197.0",
        "@aws-cdk/aws-events": "1.197.0",
        "@aws-cdk/aws-iam": "1.197.0",
        "@aws-cdk/aws-kms": "1.197.0",
        "@aws-cdk/aws-sqs": "1.197.0",
        "@aws-cdk/core": "1.197.0",
        "constructs": "^3.3.69"
      }
    },
    "@aws-cdk/aws-sqs": {
      "version": "1.197.0",
      "resolved": "https://registry.npmjs.org/@aws-cdk/aws-sqs/-/aws-sqs-1.197.0.tgz",
      "integrity": "sha512-aiF+9ycMt225Ue4iFAIsiHFFx/QoU+v0NNDmkzVCnnQG5QnefRDtBw2VAi315uN/DQcP5IqwZTk04hDR58RrFQ==",
      "requires": {
        "@aws-cdk/aws-cloudwatch": "1.197.0",
        "@aws-cdk/aws-iam": "1.197.0",
        "@aws-cdk/aws-kms": "1.197.0",
        "@aws-cdk/core": "1.197.0",
        "constructs": "^3.3.69"
      }
    },
    "@aws-cdk/aws-ssm": {
      "version": "1.197.0",
      "resolved": "https://registry.npmjs.org/@aws-cdk/aws-ssm/-/aws-ssm-1.197.0.tgz",
      "integrity": "sha512-MII3Nw8YhwOgIw9pfSRv+jHd5JSYfbN7m2SM90piAGuyZ3MFBb4XlhfQrFvg6YaYDhQxSFfK71aoKRqdUyvHSA==",
      "requires": {
        "@aws-cdk/aws-iam": "1.197.0",
        "@aws-cdk/aws-kms": "1.197.0",
        "@aws-cdk/cloud-assembly-schema": "1.197.0",
        "@aws-cdk/core": "1.197.0",
        "constructs": "^3.3.69"
      }
    },
    "@aws-cdk/aws-stepfunctions": {
      "version": "1.197.0",
      "resolved": "https://registry.npmjs.org/@aws-cdk/aws-stepfunctions/-/aws-stepfunctions-1.197.0.tgz",
      "integrity": "sha512-G/VWkwFiCHEPlQASQnEI36vYELCagmCWeJGAH1ueNr0ZhOgTWl9mZkFTPYSY3W6MyhwYXxzIN2hQtlz3iNeIwA==",
      "requires": {
        "@aws-cdk/aws-cloudwatch": "1.197.0",
        "@aws-cdk/aws-events": "1.197.0",
        "@aws-cdk/aws-iam": "1.197.0",
        "@aws-cdk/aws-logs": "1.197.0",
        "@aws-cdk/aws-s3": "1.197.0",
        "@aws-cdk/core": "1.197.0",
        "constructs": "^3.3.69"
      }
    },
    "@aws-cdk/cloud-assembly-schema": {
      "version": "1.197.0",
      "resolved": "https://registry.npmjs.org/@aws-cdk/cloud-assembly-schema/-/cloud-assembly-schema-1.197.0.tgz",
      "integrity": "sha512-JImHB84lRxMHlt9onIMZhOMUXvpf2WOEo3wZ/gcTNUOigJwW66rRTUfxHd/I3CiR8Ktx+Tj2RtNpwHnjmYWmGg==",
      "requires": {
        "jsonschema": "^1.4.1",
        "semver": "^7.3.8"
      },
      "dependencies": {
        "jsonschema": {
          "version": "1.4.1",
          "bundled": true
        },
        "lru-cache": {
          "version": "6.0.0",
          "bundled": true,
          "requires": {
            "yallist": "^4.0.0"
          }
        },
        "semver": {
          "version": "7.3.8",
          "bundled": true,
          "requires": {
            "lru-cache": "^6.0.0"
          }
        },
        "yallist": {
          "version": "4.0.0",
          "bundled": true
        }
      }
    },
    "@aws-cdk/core": {
      "version": "1.197.0",
      "resolved": "https://registry.npmjs.org/@aws-cdk/core/-/core-1.197.0.tgz",
      "integrity": "sha512-cFOZ1b8YWwSZqn1w642uKTGNaD8bkOMRD1Gn+D6x7qdDxuGtReWpZvEMGTvYuCFriNncO0Ha6JbNYnWe3ug9Yw==",
      "requires": {
        "@aws-cdk/cloud-assembly-schema": "1.197.0",
        "@aws-cdk/cx-api": "1.197.0",
        "@aws-cdk/region-info": "1.197.0",
        "@balena/dockerignore": "^1.0.2",
        "constructs": "^3.3.69",
        "fs-extra": "^9.1.0",
        "ignore": "^5.2.4",
        "minimatch": "^3.1.2"
      },
      "dependencies": {
        "@balena/dockerignore": {
          "version": "1.0.2",
          "bundled": true
        },
        "at-least-node": {
          "version": "1.0.0",
          "bundled": true
        },
        "balanced-match": {
          "version": "1.0.2",
          "bundled": true
        },
        "brace-expansion": {
          "version": "1.1.11",
          "bundled": true,
          "requires": {
            "balanced-match": "^1.0.0",
            "concat-map": "0.0.1"
          }
        },
        "concat-map": {
          "version": "0.0.1",
          "bundled": true
        },
        "fs-extra": {
          "version": "9.1.0",
          "bundled": true,
          "requires": {
            "at-least-node": "^1.0.0",
            "graceful-fs": "^4.2.0",
            "jsonfile": "^6.0.1",
            "universalify": "^2.0.0"
          }
        },
        "graceful-fs": {
          "version": "4.2.10",
          "bundled": true
        },
        "ignore": {
          "version": "5.2.4",
          "bundled": true
        },
        "jsonfile": {
          "version": "6.1.0",
          "bundled": true,
          "requires": {
            "graceful-fs": "^4.1.6",
            "universalify": "^2.0.0"
          }
        },
        "minimatch": {
          "version": "3.1.2",
          "bundled": true,
          "requires": {
            "brace-expansion": "^1.1.7"
          }
        },
        "universalify": {
          "version": "2.0.0",
          "bundled": true
        }
      }
    },
    "@aws-cdk/custom-resources": {
      "version": "1.197.0",
      "resolved": "https://registry.npmjs.org/@aws-cdk/custom-resources/-/custom-resources-1.197.0.tgz",
      "integrity": "sha512-cRKVEOFZNfYeO2jsHFU/kTDtZdRFjgVnaXaBHtywjGqCla26m74gFsPrkx9noG7B0G0/5KgziKOTsFXpE7pZ3Q==",
      "requires": {
        "@aws-cdk/aws-cloudformation": "1.197.0",
        "@aws-cdk/aws-ec2": "1.197.0",
        "@aws-cdk/aws-iam": "1.197.0",
        "@aws-cdk/aws-lambda": "1.197.0",
        "@aws-cdk/aws-logs": "1.197.0",
        "@aws-cdk/aws-sns": "1.197.0",
        "@aws-cdk/core": "1.197.0",
        "constructs": "^3.3.69"
      }
    },
    "@aws-cdk/cx-api": {
      "version": "1.197.0",
      "resolved": "https://registry.npmjs.org/@aws-cdk/cx-api/-/cx-api-1.197.0.tgz",
      "integrity": "sha512-bmTuHnfMNYyzoUfL962rHogoDIHBoj6T2SUr+rYbFU913vCYpcgoh0smPwDBVSJ/QiwVt0xpX1dFFqC8upH9qA==",
      "requires": {
        "@aws-cdk/cloud-assembly-schema": "1.197.0",
        "semver": "^7.3.8"
      },
      "dependencies": {
        "lru-cache": {
          "version": "6.0.0",
          "bundled": true,
          "requires": {
            "yallist": "^4.0.0"
          }
        },
        "semver": {
          "version": "7.3.8",
          "bundled": true,
          "requires": {
            "lru-cache": "^6.0.0"
          }
        },
        "yallist": {
          "version": "4.0.0",
          "bundled": true
        }
      }
    },
    "@aws-cdk/region-info": {
      "version": "1.197.0",
      "resolved": "https://registry.npmjs.org/@aws-cdk/region-info/-/region-info-1.197.0.tgz",
      "integrity": "sha512-JJ5CrEgoZ+L36Oo5Vipx1YFOOuCCilV1ffZ37mixfyIqCF7k0lkjP670WW4rGJGBIxcYSxLuv610J23Sg5m9uA=="
    },
    "buffer-from": {
      "version": "1.1.1",
      "resolved": "https://registry.npmjs.org/buffer-from/-/buffer-from-1.1.1.tgz",
      "integrity": "sha512-MQcXEUbCKtEo7bhqEs6560Hyd4XaovZlO/k9V3hjVUF/zwW7KBVdSK4gIt/bzwS9MbR5qob+F5jusZsb0YQK2A=="
    },
    "constructs": {
      "version": "3.4.275",
      "resolved": "https://registry.npmjs.org/constructs/-/constructs-3.4.275.tgz",
      "integrity": "sha512-4NbJqLz5Li/1DMeONruUauT25vVy6uFgQDfnhTAqzNF4R/Be07BnEJZ5C2sh4Jl6b0Iyljfbf0DEY2u7Y/CjBw=="
    },
    "source-map": {
      "version": "0.6.1",
      "resolved": "https://registry.npmjs.org/source-map/-/source-map-0.6.1.tgz",
      "integrity": "sha512-UjgapumWlbMhkBgzT7Ykc5YXUT46F0iKu8SGXq0bcwP5dz/h0Plj6enJqjz1Zbq2l5WaqYnrVbwWOWMyF3F47g=="
    },
    "source-map-support": {
      "version": "0.5.13",
      "resolved": "https://registry.npmjs.org/source-map-support/-/source-map-support-0.5.13.tgz",
      "integrity": "sha512-SHSKFHadjVA5oR4PPqhtAVdcBWwRYVd6g6cAXnIbRiIwc2EhPrTuKUBdSLvlEKyIP3GCf89fltvcZiP9MMFA1w==",
      "requires": {
        "buffer-from": "^1.0.0",
        "source-map": "^0.6.0"
      }
    }
  }
}
